{
    "_readme": [
        "This file locks the dependencies of your project to a known state",
        "Read more about it at https://getcomposer.org/doc/01-basic-usage.md#installing-dependencies",
        "This file is @generated automatically"
    ],
    "content-hash": "0ec84d2f47fa6343b4e662da87b26272",
    "packages": [
        {
            "name": "laizerox/php-wowemu-auth",
            "version": "v2.0.1",
            "source": {
                "type": "git",
                "url": "https://github.com/Laizerox/php-wowemu-auth.git",
                "reference": "6316e4e15ac068073650cf7dff525ada0397ea6d"
            },
            "dist": {
                "type": "zip",
                "url": "https://api.github.com/repos/Laizerox/php-wowemu-auth/zipball/6316e4e15ac068073650cf7dff525ada0397ea6d",
                "reference": "6316e4e15ac068073650cf7dff525ada0397ea6d",
                "shasum": ""
            },
            "require": {
                "ext-bcmath": "*",
                "php": "^8.2",
                "phpseclib/phpseclib": "^2.0.52"
            },
            "require-dev": {
                "phpunit/phpunit": "^11.5 || ^12.5 || ^13.0"
            },
            "type": "library",
            "autoload": {
                "psr-4": {
                    "Laizerox\\": "src/"
                }
            },
            "notification-url": "https://packagist.org/downloads/",
            "license": [
                "GPL-3.0-or-later"
            ],
            "authors": [
                {
                    "name": "Laizerox",
                    "email": "dpetmanson@gmail.com"
                },
                {
                    "name": "Jimmy B.",
                    "email": "jimmybrancaccio@icloud.com"
                }
            ],
            "description": "Wowemu compliant SRP6 auth implementation",
            "support": {
                "issues": "https://github.com/Laizerox/php-wowemu-auth/issues",
                "source": "https://github.com/Laizerox/php-wowemu-auth/tree/v2.0.1"
            },
            "time": "2026-03-28T02:39:35+00:00"
        },
        {
            "name": "phpseclib/phpseclib",
            "version": "2.0.53",
            "source": {
                "type": "git",
                "url": "https://github.com/phpseclib/phpseclib.git",
                "reference": "2d1a664b940b9b8f367185307dc010d11a2790f3"
            },
            "dist": {
                "type": "zip",
                "url": "https://api.github.com/repos/phpseclib/phpseclib/zipball/2d1a664b940b9b8f367185307dc010d11a2790f3",
                "reference": "2d1a664b940b9b8f367185307dc010d11a2790f3",
                "shasum": ""
            },
            "require": {
                "php": ">=5.3.3"
            },
            "require-dev": {
                "phing/phing": "~2.7",
                "phpunit/phpunit": "^4.8.35|^5.7|^6.0|^8.5|^9.4",
                "squizlabs/php_codesniffer": "~2.0"
            },
            "suggest": {
                "ext-gmp": "Install the GMP (GNU Multiple Precision) extension in order to speed up arbitrary precision integer arithmetic operations.",
                "ext-libsodium": "SSH2/SFTP can make use of some algorithms provided by the libsodium-php extension.",
                "ext-mcrypt": "Install the Mcrypt extension in order to speed up a few other cryptographic operations.",
                "ext-openssl": "Install the OpenSSL extension in order to speed up a wide variety of cryptographic operations.",
                "ext-xml": "Install the XML extension to load XML formatted public keys."
            },
            "type": "library",
            "autoload": {
                "files": [
                    "phpseclib/bootstrap.php"
                ],
                "psr-4": {
                    "phpseclib\\": "phpseclib/"
                }
            },
            "notification-url": "https://packagist.org/downloads/",
            "license": [
                "MIT"
            ],
            "authors": [
                {
                    "name": "Jim Wigginton",
                    "email": "terrafrost@php.net",
                    "role": "Lead Developer"
                },
                {
                    "name": "Patrick Monnerat",
                    "email": "pm@datasphere.ch",
                    "role": "Developer"
                },
                {
                    "name": "Andreas Fischer",
                    "email": "bantu@phpbb.com",
                    "role": "Developer"
                },
                {
                    "name": "Hans-Jürgen Petrich",
                    "email": "petrich@tronic-media.com",
                    "role": "Developer"
                },
                {
                    "name": "Graham Campbell",
                    "email": "graham@alt-three.com",
                    "role": "Developer"
                }
            ],
            "description": "PHP Secure Communications Library - Pure-PHP implementations of RSA, AES, SSH2, SFTP, X.509 etc.",
            "homepage": "http://phpseclib.sourceforge.net",
            "keywords": [
                "BigInteger",
                "aes",
                "asn.1",
                "asn1",
                "blowfish",
                "crypto",
                "cryptography",
                "encryption",
                "rsa",
                "security",
                "sftp",
                "signature",
                "signing",
                "ssh",
                "twofish",
                "x.509",
                "x509"
            ],
            "support": {
                "issues": "https://github.com/phpseclib/phpseclib/issues",
                "source": "https://github.com/phpseclib/phpseclib/tree/2.0.53"
            },
            "funding": [
                {
                    "url": "https://github.com/terrafrost",
                    "type": "github"
                },
                {
                    "url": "https://www.patreon.com/phpseclib",
                    "type": "patreon"
                },
                {
                    "url": "https://tidelift.com/funding/github/packagist/phpseclib/phpseclib",
                    "type": "tidelift"
                }
            ],
            "time": "2026-04-10T01:30:02+00:00"
        }
    ],
    "packages-dev": [],
    "aliases": [],
    "minimum-stability": "stable",
    "stability-flags": {},
    "prefer-stable": false,
    "prefer-lowest": false,
    "platform": {},
    "platform-dev": {},
    "plugin-api-version": "2.9.0"
}
